lockfileVersion: '9.0'

settings:
  autoInstallPeers: true
  excludeLinksFromLockfile: false

patchedDependencies:
  app-info-parser@1.1.6:
    hash: 97936a12a3078cf5707682e8dd7a8f94b2fc121967d3ad231bd4cf3835528eec
    path: patches/app-info-parser@1.1.6.patch

importers:

  .:
    dependencies:
      app-info-parser:
        specifier: ^1.1.6
        version: 1.1.6(patch_hash=97936a12a3078cf5707682e8dd7a8f94b2fc121967d3ad231bd4cf3835528eec)

packages:

  '@xmldom/xmldom@0.9.10':
    resolution: {integrity: sha512-A9gOqLdi6cV4ibazAjcQufGj0B1y/vDqYrcuP6d/6x8P27gRS8643Dj9o1dEKtB6O7fwxb2FgBmJS2mX7gpvdw==}
    engines: {node: '>=14.6'}

  app-info-parser@1.1.6:
    resolution: {integrity: sha512-ZAFCM0bN88cbpsMoRhL/JfdX3b+nb5iBEXcu30xABvbaqtw6tXfHujDnuKSpNmA3P0uwpkIxTV/Wun5HfEch8A==}
    hasBin: true

  base64-js@1.5.1:
    resolution: {integrity: sha512-AKpaYlHn8t4SVbOHCy+b5+KKgvR4vrsD8vbvrbiQJps7fKDTkjkDry6ji0rUJjC0kzbNePLwzxq8iypo41qeWA==}

  big-integer@1.6.52:
    resolution: {integrity: sha512-QxD8cf2eVqJOOz63z6JIN9BzvVs/dlySa5HGSBH5xtR8dPteIRQnBxxKqkNTiT6jbDTF6jAfrd4oMcND9RGbQg==}
    engines: {node: '>=0.6'}

  bplist-parser@0.2.0:
    resolution: {integrity: sha512-z0M+byMThzQmD9NILRniCUXYsYpjwnlO8N5uCFaCqIOpqRsJCrQL9NK3JsD67CN5a08nF5oIL2bD6loTdHOuKw==}
    engines: {node: '>= 5.10.0'}

  buffer-crc32@0.2.13:
    resolution: {integrity: sha512-VO9Ht/+p3SN7SKWqcrgEzjGbRSJYTx+Q1pTQC0wrWqHx0vpJraQ6GtHx8tvcg1rlK1byhU5gccxgOgj7B0TDkQ==}

  buffer@5.7.1:
    resolution: {integrity: sha512-EHcyIPBQ4BSGlvjB16k5KgAJ27CIsHY/2JBmCRReo48y9rQ3MaUzWX3KVlBa4U7MyX02HdVj0K7C3WaB3ju7FQ==}

  bufferpack@0.0.6:
    resolution: {integrity: sha512-MTWvLHElqczrIVhge9qHtqgNigJFyh0+tCDId5yCbFAfuekHWIG+uAgvoHVflwrDPuY/e47JE1ki5qcM7w4uLg==}

  bytebuffer@5.0.1:
    resolution: {integrity: sha512-IuzSdmADppkZ6DlpycMkm8l9zeEq16fWtLvunEwFiYciR/BHo4E8/xs5piFquG+Za8OWmMqHF8zuRviz2LHvRQ==}
    engines: {node: '>=0.8'}

  cgbi-to-png@1.0.7:
    resolution: {integrity: sha512-YR80kxTPuq9oRpZUdQmNEQWrmTKLINk1cfLVfyrV7Rfr9KLtLJdcockPKbreIr4JYAq+DhHBR7w+WA/tF5VDaQ==}

  commander@7.2.0:
    resolution: {integrity: sha512-QrWXB+ZQSVPmIWIhtEO9H+gwHaMGYiF5ChvoJ+K9ZGHG/sVsa6yiesAD1GC/x46sET00Xlwo1u49RVVVzvcSkw==}
    engines: {node: '>= 10'}

  crc@3.8.0:
    resolution: {integrity: sha512-iX3mfgcTMIq3ZKLIsVFAbv7+Mc10kxabAGQb8HvjA1o3T1PIYprbakQ65d3I+2HGHt6nSKkM9PYjgoJO2KcFBQ==}

  fd-slicer@1.1.0:
    resolution: {integrity: sha512-cE1qsB/VwyQozZ+q1dGxR8LBYNZeofhEdUNGSMbQD3Gw2lAzX9Zb3uIU6Ebc/Fmyjo9AWWfnn0AUCHqtevs/8g==}

  ieee754@1.2.1:
    resolution: {integrity: sha512-dcyqhDvX1C46lXZcVqCpK+FtMRQVdIMN6/Df5js2zouUsqG7I6sFxitIC+7KYK29KdXOLHdu9zL4sFnoVQnqaA==}

  isomorphic-unzip@1.1.5:
    resolution: {integrity: sha512-2McA51lWhmO3Kk438jxVcYeh6L+AOqVnl9XdX1yI7GlLA9RwEyTBgGem1rNuRIU2abAmOiv+IagThdUxASY4IA==}

  long@3.2.0:
    resolution: {integrity: sha512-ZYvPPOMqUwPoDsbJaR10iQJYnMuZhRTvHYl62ErLIEX7RgFlziSBUUvrt3OVfc47QlHHpzPZYP17g3Fv7oeJkg==}
    engines: {node: '>=0.6'}

  pend@1.2.0:
    resolution: {integrity: sha512-F3asv42UuXchdzt+xXqfW1OGlVBe+mxa2mqI0pg5yAHZPvFmY3Y6drSf/GQ1A86WgWEN9Kzh/WrgKa6iGcHXLg==}

  plist@3.1.1:
    resolution: {integrity: sha512-ZIfcLJC+7E7FBFnDxm9MPmt7D+DidyQ26lewieO75AdhA2ayMtsJSES0iWzqJQbcVRSrTufQoy0DR94xHue0oA==}
    engines: {node: '>=10.4.0'}

  stream-to-buffer@0.1.0:
    resolution: {integrity: sha512-Da4WoKaZyu3nf+bIdIifh7IPkFjARBnBK+pYqn0EUJqksjV9afojjaCCHUemH30Jmu7T2qcKvlZm2ykN38uzaw==}
    engines: {node: '>= 0.8'}

  stream-to@0.2.2:
    resolution: {integrity: sha512-Kg1BSDTwgGiVMtTCJNlo7kk/xzL33ZuZveEBRt6rXw+f1WLK/8kmz2NVCT/Qnv0JkV85JOHcLhD82mnXsR3kPw==}
    engines: {node: '>= 0.10.0'}

  streamifier@0.1.1:
    resolution: {integrity: sha512-zDgl+muIlWzXNsXeyUfOk9dChMjlpkq0DRsxujtYPgyJ676yQ8jEm6zzaaWHFDg5BNcLuif0eD2MTyJdZqXpdg==}
    engines: {node: '>=0.10'}

  xmlbuilder@15.1.1:
    resolution: {integrity: sha512-yMqGBqtXyeN1e3TGYvgNgDVZ3j84W4cwkOXQswghol6APgZWaff9lnbvN7MHYJOiXsvGPXtjTYJEiC9J2wv9Eg==}
    engines: {node: '>=8.0'}

  yauzl@2.10.0:
    resolution: {integrity: sha512-p4a9I6X6nu6IhoGmBqAcbJy1mlC4j27vEPZX9F4L4/vZT3Lyq1VkFHw/V/PUcB9Buo+DG3iHkT0x3Qya58zc3g==}

snapshots:

  '@xmldom/xmldom@0.9.10': {}

  app-info-parser@1.1.6(patch_hash=97936a12a3078cf5707682e8dd7a8f94b2fc121967d3ad231bd4cf3835528eec):
    dependencies:
      bplist-parser: 0.2.0
      bytebuffer: 5.0.1
      cgbi-to-png: 1.0.7
      commander: 7.2.0
      isomorphic-unzip: 1.1.5
      plist: 3.1.1

  base64-js@1.5.1: {}

  big-integer@1.6.52: {}

  bplist-parser@0.2.0:
    dependencies:
      big-integer: 1.6.52

  buffer-crc32@0.2.13: {}

  buffer@5.7.1:
    dependencies:
      base64-js: 1.5.1
      ieee754: 1.2.1

  bufferpack@0.0.6: {}

  bytebuffer@5.0.1:
    dependencies:
      long: 3.2.0

  cgbi-to-png@1.0.7:
    dependencies:
      bufferpack: 0.0.6
      crc: 3.8.0
      stream-to-buffer: 0.1.0
      streamifier: 0.1.1

  commander@7.2.0: {}

  crc@3.8.0:
    dependencies:
      buffer: 5.7.1

  fd-slicer@1.1.0:
    dependencies:
      pend: 1.2.0

  ieee754@1.2.1: {}

  isomorphic-unzip@1.1.5:
    dependencies:
      buffer: 5.7.1
      yauzl: 2.10.0

  long@3.2.0: {}

  pend@1.2.0: {}

  plist@3.1.1:
    dependencies:
      '@xmldom/xmldom': 0.9.10
      base64-js: 1.5.1
      xmlbuilder: 15.1.1

  stream-to-buffer@0.1.0:
    dependencies:
      stream-to: 0.2.2

  stream-to@0.2.2: {}

  streamifier@0.1.1: {}

  xmlbuilder@15.1.1: {}

  yauzl@2.10.0:
    dependencies:
      buffer-crc32: 0.2.13
      fd-slicer: 1.1.0
